
Microsoft Visual Studio Solution File, Format Version 12.00
# Visual Studio Version 16
VisualStudioVersion = 16.0.31702.278
MinimumVisualStudioVersion = 10.0.40219.1
Project("{FAE04EC0-301F-11D3-BF4B-00C04F79EFBC}") = "GUI_Disabler_netF", "GUI_Disabler_netF\GUI_Disabler_netF.csproj", "{2A845ED7-6D68-4201-8E29-FC8E6F770746}"
EndProject
Global
	GlobalSection(SolutionConfigurationPlatforms) = preSolution
		Debug|Any CPU = Debug|Any CPU
		Debug|x64 = Debug|x64
		Release|Any CPU = Release|Any CPU
		Release|x64 = Release|x64
	EndGlobalSection
	GlobalSection(ProjectConfigurationPlatforms) = postSolution
		{2A845ED7-6D68-4201-8E29-FC8E6F770746}.Debug|Any CPU.ActiveCfg = Debug|x64
		{2A845ED7-6D68-4201-8E29-FC8E6F770746}.Debug|Any CPU.Build.0 = Debug|x64
		{2A845ED7-6D68-4201-8E29-FC8E6F770746}.Debug|x64.ActiveCfg = Debug|x64
		{2A845ED7-6D68-4201-8E29-FC8E6F770746}.Debug|x64.Build.0 = Debug|x64
		{2A845ED7-6D68-4201-8E29-FC8E6F770746}.Release|Any CPU.ActiveCfg = Release|Any CPU
		{2A845ED7-6D68-4201-8E29-FC8E6F770746}.Release|Any CPU.Build.0 = Release|Any CPU
		{2A845ED7-6D68-4201-8E29-FC8E6F770746}.Release|x64.ActiveCfg = Release|x64
		{2A845ED7-6D68-4201-8E29-FC8E6F770746}.Release|x64.Build.0 = Release|x64
	EndGlobalSection
	GlobalSection(SolutionProperties) = preSolution
		HideSolutionNode = FALSE
	EndGlobalSection
	GlobalSection(ExtensibilityGlobals) = postSolution
		SolutionGuid = {8EEDAC52-F28D-46F5-97F7-4378D5A0BECE}
	EndGlobalSection
EndGlobal
